
Microsoft Visual Studio Solution File, Format Version 12.00
# Visual Studio 2012
Project("{FAE04EC0-301F-11D3-BF4B-00C04F79EFBC}") = "MathCalculatio", "MathCalculatio\MathCalculatio.csproj", "{0BC8AC6D-7C88-4EFC-A84E-A84F2612A835}"
EndProject
Global
	GlobalSection(SolutionConfigurationPlatforms) = preSolution
		Debug|Any CPU = Debug|Any CPU
		Release|Any CPU = Release|Any CPU
	EndGlobalSection
	GlobalSection(ProjectConfigurationPlatforms) = postSolution
		{0BC8AC6D-7C88-4EFC-A84E-A84F2612A835}.Debug|Any CPU.ActiveCfg = Debug|Any CPU
		{0BC8AC6D-7C88-4EFC-A84E-A84F2612A835}.Debug|Any CPU.Build.0 = Debug|Any CPU
		{0BC8AC6D-7C88-4EFC-A84E-A84F2612A835}.Release|Any CPU.ActiveCfg = Release|Any CPU
		{0BC8AC6D-7C88-4EFC-A84E-A84F2612A835}.Release|Any CPU.Build.0 = Release|Any CPU
	EndGlobalSection
	GlobalSection(SolutionProperties) = preSolution
		HideSolutionNode = FALSE
	EndGlobalSection
EndGlobal
